
Microsoft Visual Studio Solution File, Format Version 12.00
Project("{2150E333-8FDC-42A3-9474-1A3956D46DE8}") = "3.Sqs", "3.Sqs", "{AE28BEE1-B578-439A-B596-D991B9851F5A}"
	ProjectSection(SolutionItems) = preProject
		3.Sqs\Customers.Api\Contracts\Requests\UpdateCustomerRequest.cs = 3.Sqs\Customers.Api\Contracts\Requests\UpdateCustomerRequest.cs
		3.Sqs\Customers.Api\Validation\ValidationExceptionMiddleware.cs = 3.Sqs\Customers.Api\Validation\ValidationExceptionMiddleware.cs
	EndProjectSection
EndProject
Project("{2150E333-8FDC-42A3-9474-1A3956D46DE8}") = "4.Sns", "4.Sns", "{BA648C25-CB9E-4FAA-AF91-86A37CCEA382}"
EndProject
Project("{2150E333-8FDC-42A3-9474-1A3956D46DE8}") = "5.DynamoDb", "5.DynamoDb", "{2C17779A-FD5B-4980-BEB0-4A19912178B7}"
EndProject
Project("{2150E333-8FDC-42A3-9474-1A3956D46DE8}") = "6.S3", "6.S3", "{6CC73189-9356-4EE7-B061-73D9395C30AC}"
EndProject
Project("{2150E333-8FDC-42A3-9474-1A3956D46DE8}") = "7.SecretsManager", "7.SecretsManager", "{8D27D9CA-8D14-4CD6-9827-A0837CFB03C3}"
EndProject
Project("{2150E333-8FDC-42A3-9474-1A3956D46DE8}") = "8.Lambda", "8.Lambda", "{DC84F474-F046-44B8-8D2E-BCE6A285FDF5}"
EndProject
Project("{FAE04EC0-301F-11D3-BF4B-00C04F79EFBC}") = "SqsPublisher", "3.Sqs\SqsPublisher\SqsPublisher.csproj", "{7C86248D-0739-4E1A-84F9-77A210ACA190}"
EndProject
Project("{FAE04EC0-301F-11D3-BF4B-00C04F79EFBC}") = "SqsConsumer", "3.Sqs\SqsConsumer\SqsConsumer.csproj", "{71858300-9744-44F5-BDB1-424324FDF3AB}"
EndProject
Project("{FAE04EC0-301F-11D3-BF4B-00C04F79EFBC}") = "Customers.Api", "3.Sqs\Customers.Api\Customers.Api.csproj", "{B8E460AD-4DD5-4614-B460-00F1C1084B1C}"
EndProject
Project("{FAE04EC0-301F-11D3-BF4B-00C04F79EFBC}") = "Customers.Consumer", "3.Sqs\Customers.Consumer\Customers.Consumer.csproj", "{F832E37C-F437-4C37-8800-042A0BFFBE5D}"
EndProject
Project("{FAE04EC0-301F-11D3-BF4B-00C04F79EFBC}") = "Customers.Api", "4.Sns\Customers.Api\Customers.Api.csproj", "{CE6FC6E8-B841-497E-A422-E24FDF7A812C}"
EndProject
Project("{FAE04EC0-301F-11D3-BF4B-00C04F79EFBC}") = "Customers.Consumer", "4.Sns\Customers.Consumer\Customers.Consumer.csproj", "{C09C1020-E622-4F45-9379-7656F55FD9C6}"
EndProject
Project("{FAE04EC0-301F-11D3-BF4B-00C04F79EFBC}") = "SqsConsumer", "4.Sns\SqsConsumer\SqsConsumer.csproj", "{69E2D352-7853-45DF-9764-E9CF8CF5FC99}"
EndProject
Project("{FAE04EC0-301F-11D3-BF4B-00C04F79EFBC}") = "SnsPublisher", "4.Sns\SnsPublisher\SnsPublisher.csproj", "{997C87CD-A863-48AA-9BAA-8CAAA4CF4966}"
EndProject
Project("{FAE04EC0-301F-11D3-BF4B-00C04F79EFBC}") = "Customers.Api", "5.DynamoDb\Customers.Api\Customers.Api.csproj", "{5E9DB036-EE8F-49E9-9C65-54B91371A60D}"
EndProject
Project("{FAE04EC0-301F-11D3-BF4B-00C04F79EFBC}") = "Movies.Api", "5.DynamoDb\Movies.Api\Movies.Api.csproj", "{B22BB6BC-55A3-4535-B2DF-C0A5FA43D694}"
EndProject
Project("{FAE04EC0-301F-11D3-BF4B-00C04F79EFBC}") = "Customers.Api", "6.S3\Customers.Api\Customers.Api.csproj", "{88B0BFC0-AC37-4C47-A973-E65287B93CCE}"
EndProject
Project("{FAE04EC0-301F-11D3-BF4B-00C04F79EFBC}") = "S3Playground", "6.S3\S3Playground\S3Playground.csproj", "{4990ED41-1165-4CA6-B6C1-A5EA16FB25A4}"
EndProject
Project("{FAE04EC0-301F-11D3-BF4B-00C04F79EFBC}") = "Weather.Api", "7.SecretsManager\Weather.Api\Weather.Api.csproj", "{51F21AD7-BB3F-42ED-A691-C90596AE6E1B}"
EndProject
Project("{FAE04EC0-301F-11D3-BF4B-00C04F79EFBC}") = "SecretsManager.App", "7.SecretsManager\SecretsManager.App\SecretsManager.App.csproj", "{AE9D6320-355F-46E7-B749-BEAFAF47A844}"
EndProject
Project("{FAE04EC0-301F-11D3-BF4B-00C04F79EFBC}") = "SimpleLambda", "8.Lambda\SimpleLambda\src\SimpleLambda\SimpleLambda.csproj", "{8E49872A-8FAB-46F0-90C1-5632C8BE1060}"
EndProject
Project("{FAE04EC0-301F-11D3-BF4B-00C04F79EFBC}") = "SimpleHttpLambda", "8.Lambda\LambdaEmptyServerless1\src\SimpleHttpLambda\SimpleHttpLambda.csproj", "{E051D515-7CA3-4D3E-8F20-B38BE07C33CD}"
EndProject
Project("{FAE04EC0-301F-11D3-BF4B-00C04F79EFBC}") = "SimpleSqsLambda", "8.Lambda\SimpleSqsLambda\src\SimpleSqsLambda\SimpleSqsLambda.csproj", "{D4486A66-6D3F-498C-8894-3DADEC72007B}"
EndProject
Project("{FAE04EC0-301F-11D3-BF4B-00C04F79EFBC}") = "SimpleSnsLambda", "4.Sns\SimpleSnsLambda\src\SimpleSnsLambda\SimpleSnsLambda.csproj", "{9A601A87-04E9-4E4C-BB90-6DB66111F00D}"
EndProject
Project("{FAE04EC0-301F-11D3-BF4B-00C04F79EFBC}") = "SimpleDynamoDbLambda", "8.Lambda\SimpleDynamoDbLambda\src\SimpleDynamoDbLambda\SimpleDynamoDbLambda.csproj", "{410A7018-52C7-46CB-B327-95C58D124ECE}"
EndProject
Global
	GlobalSection(SolutionConfigurationPlatforms) = preSolution
		Debug|Any CPU = Debug|Any CPU
		Release|Any CPU = Release|Any CPU
	EndGlobalSection
	GlobalSection(NestedProjects) = preSolution
		{7C86248D-0739-4E1A-84F9-77A210ACA190} = {AE28BEE1-B578-439A-B596-D991B9851F5A}
		{71858300-9744-44F5-BDB1-424324FDF3AB} = {AE28BEE1-B578-439A-B596-D991B9851F5A}
		{B8E460AD-4DD5-4614-B460-00F1C1084B1C} = {AE28BEE1-B578-439A-B596-D991B9851F5A}
		{F832E37C-F437-4C37-8800-042A0BFFBE5D} = {AE28BEE1-B578-439A-B596-D991B9851F5A}
		{CE6FC6E8-B841-497E-A422-E24FDF7A812C} = {BA648C25-CB9E-4FAA-AF91-86A37CCEA382}
		{C09C1020-E622-4F45-9379-7656F55FD9C6} = {BA648C25-CB9E-4FAA-AF91-86A37CCEA382}
		{69E2D352-7853-45DF-9764-E9CF8CF5FC99} = {BA648C25-CB9E-4FAA-AF91-86A37CCEA382}
		{997C87CD-A863-48AA-9BAA-8CAAA4CF4966} = {BA648C25-CB9E-4FAA-AF91-86A37CCEA382}
		{5E9DB036-EE8F-49E9-9C65-54B91371A60D} = {2C17779A-FD5B-4980-BEB0-4A19912178B7}
		{B22BB6BC-55A3-4535-B2DF-C0A5FA43D694} = {2C17779A-FD5B-4980-BEB0-4A19912178B7}
		{88B0BFC0-AC37-4C47-A973-E65287B93CCE} = {6CC73189-9356-4EE7-B061-73D9395C30AC}
		{4990ED41-1165-4CA6-B6C1-A5EA16FB25A4} = {6CC73189-9356-4EE7-B061-73D9395C30AC}
		{51F21AD7-BB3F-42ED-A691-C90596AE6E1B} = {8D27D9CA-8D14-4CD6-9827-A0837CFB03C3}
		{AE9D6320-355F-46E7-B749-BEAFAF47A844} = {8D27D9CA-8D14-4CD6-9827-A0837CFB03C3}
		{8E49872A-8FAB-46F0-90C1-5632C8BE1060} = {DC84F474-F046-44B8-8D2E-BCE6A285FDF5}
		{E051D515-7CA3-4D3E-8F20-B38BE07C33CD} = {DC84F474-F046-44B8-8D2E-BCE6A285FDF5}
		{D4486A66-6D3F-498C-8894-3DADEC72007B} = {DC84F474-F046-44B8-8D2E-BCE6A285FDF5}
		{9A601A87-04E9-4E4C-BB90-6DB66111F00D} = {BA648C25-CB9E-4FAA-AF91-86A37CCEA382}
		{410A7018-52C7-46CB-B327-95C58D124ECE} = {DC84F474-F046-44B8-8D2E-BCE6A285FDF5}
	EndGlobalSection
	GlobalSection(ProjectConfigurationPlatforms) = postSolution
		{7C86248D-0739-4E1A-84F9-77A210ACA190}.Debug|Any CPU.ActiveCfg = Debug|Any CPU
		{7C86248D-0739-4E1A-84F9-77A210ACA190}.Debug|Any CPU.Build.0 = Debug|Any CPU
		{7C86248D-0739-4E1A-84F9-77A210ACA190}.Release|Any CPU.ActiveCfg = Release|Any CPU
		{7C86248D-0739-4E1A-84F9-77A210ACA190}.Release|Any CPU.Build.0 = Release|Any CPU
		{71858300-9744-44F5-BDB1-424324FDF3AB}.Debug|Any CPU.ActiveCfg = Debug|Any CPU
		{71858300-9744-44F5-BDB1-424324FDF3AB}.Debug|Any CPU.Build.0 = Debug|Any CPU
		{71858300-9744-44F5-BDB1-424324FDF3AB}.Release|Any CPU.ActiveCfg = Release|Any CPU
		{71858300-9744-44F5-BDB1-424324FDF3AB}.Release|Any CPU.Build.0 = Release|Any CPU
		{B8E460AD-4DD5-4614-B460-00F1C1084B1C}.Debug|Any CPU.ActiveCfg = Debug|Any CPU
		{B8E460AD-4DD5-4614-B460-00F1C1084B1C}.Debug|Any CPU.Build.0 = Debug|Any CPU
		{B8E460AD-4DD5-4614-B460-00F1C1084B1C}.Release|Any CPU.ActiveCfg = Release|Any CPU
		{B8E460AD-4DD5-4614-B460-00F1C1084B1C}.Release|Any CPU.Build.0 = Release|Any CPU
		{F832E37C-F437-4C37-8800-042A0BFFBE5D}.Debug|Any CPU.ActiveCfg = Debug|Any CPU
		{F832E37C-F437-4C37-8800-042A0BFFBE5D}.Debug|Any CPU.Build.0 = Debug|Any CPU
		{F832E37C-F437-4C37-8800-042A0BFFBE5D}.Release|Any CPU.ActiveCfg = Release|Any CPU
		{F832E37C-F437-4C37-8800-042A0BFFBE5D}.Release|Any CPU.Build.0 = Release|Any CPU
		{CE6FC6E8-B841-497E-A422-E24FDF7A812C}.Debug|Any CPU.ActiveCfg = Debug|Any CPU
		{CE6FC6E8-B841-497E-A422-E24FDF7A812C}.Debug|Any CPU.Build.0 = Debug|Any CPU
		{CE6FC6E8-B841-497E-A422-E24FDF7A812C}.Release|Any CPU.ActiveCfg = Release|Any CPU
		{CE6FC6E8-B841-497E-A422-E24FDF7A812C}.Release|Any CPU.Build.0 = Release|Any CPU
		{C09C1020-E622-4F45-9379-7656F55FD9C6}.Debug|Any CPU.ActiveCfg = Debug|Any CPU
		{C09C1020-E622-4F45-9379-7656F55FD9C6}.Debug|Any CPU.Build.0 = Debug|Any CPU
		{C09C1020-E622-4F45-9379-7656F55FD9C6}.Release|Any CPU.ActiveCfg = Release|Any CPU
		{C09C1020-E622-4F45-9379-7656F55FD9C6}.Release|Any CPU.Build.0 = Release|Any CPU
		{69E2D352-7853-45DF-9764-E9CF8CF5FC99}.Debug|Any CPU.ActiveCfg = Debug|Any CPU
		{69E2D352-7853-45DF-9764-E9CF8CF5FC99}.Debug|Any CPU.Build.0 = Debug|Any CPU
		{69E2D352-7853-45DF-9764-E9CF8CF5FC99}.Release|Any CPU.ActiveCfg = Release|Any CPU
		{69E2D352-7853-45DF-9764-E9CF8CF5FC99}.Release|Any CPU.Build.0 = Release|Any CPU
		{997C87CD-A863-48AA-9BAA-8CAAA4CF4966}.Debug|Any CPU.ActiveCfg = Debug|Any CPU
		{997C87CD-A863-48AA-9BAA-8CAAA4CF4966}.Debug|Any CPU.Build.0 = Debug|Any CPU
		{997C87CD-A863-48AA-9BAA-8CAAA4CF4966}.Release|Any CPU.ActiveCfg = Release|Any CPU
		{997C87CD-A863-48AA-9BAA-8CAAA4CF4966}.Release|Any CPU.Build.0 = Release|Any CPU
		{5E9DB036-EE8F-49E9-9C65-54B91371A60D}.Debug|Any CPU.ActiveCfg = Debug|Any CPU
		{5E9DB036-EE8F-49E9-9C65-54B91371A60D}.Debug|Any CPU.Build.0 = Debug|Any CPU
		{5E9DB036-EE8F-49E9-9C65-54B91371A60D}.Release|Any CPU.ActiveCfg = Release|Any CPU
		{5E9DB036-EE8F-49E9-9C65-54B91371A60D}.Release|Any CPU.Build.0 = Release|Any CPU
		{B22BB6BC-55A3-4535-B2DF-C0A5FA43D694}.Debug|Any CPU.ActiveCfg = Debug|Any CPU
		{B22BB6BC-55A3-4535-B2DF-C0A5FA43D694}.Debug|Any CPU.Build.0 = Debug|Any CPU
		{B22BB6BC-55A3-4535-B2DF-C0A5FA43D694}.Release|Any CPU.ActiveCfg = Release|Any CPU
		{B22BB6BC-55A3-4535-B2DF-C0A5FA43D694}.Release|Any CPU.Build.0 = Release|Any CPU
		{88B0BFC0-AC37-4C47-A973-E65287B93CCE}.Debug|Any CPU.ActiveCfg = Debug|Any CPU
		{88B0BFC0-AC37-4C47-A973-E65287B93CCE}.Debug|Any CPU.Build.0 = Debug|Any CPU
		{88B0BFC0-AC37-4C47-A973-E65287B93CCE}.Release|Any CPU.ActiveCfg = Release|Any CPU
		{88B0BFC0-AC37-4C47-A973-E65287B93CCE}.Release|Any CPU.Build.0 = Release|Any CPU
		{4990ED41-1165-4CA6-B6C1-A5EA16FB25A4}.Debug|Any CPU.ActiveCfg = Debug|Any CPU
		{4990ED41-1165-4CA6-B6C1-A5EA16FB25A4}.Debug|Any CPU.Build.0 = Debug|Any CPU
		{4990ED41-1165-4CA6-B6C1-A5EA16FB25A4}.Release|Any CPU.ActiveCfg = Release|Any CPU
		{4990ED41-1165-4CA6-B6C1-A5EA16FB25A4}.Release|Any CPU.Build.0 = Release|Any CPU
		{51F21AD7-BB3F-42ED-A691-C90596AE6E1B}.Debug|Any CPU.ActiveCfg = Debug|Any CPU
		{51F21AD7-BB3F-42ED-A691-C90596AE6E1B}.Debug|Any CPU.Build.0 = Debug|Any CPU
		{51F21AD7-BB3F-42ED-A691-C90596AE6E1B}.Release|Any CPU.ActiveCfg = Release|Any CPU
		{51F21AD7-BB3F-42ED-A691-C90596AE6E1B}.Release|Any CPU.Build.0 = Release|Any CPU
		{AE9D6320-355F-46E7-B749-BEAFAF47A844}.Debug|Any CPU.ActiveCfg = Debug|Any CPU
		{AE9D6320-355F-46E7-B749-BEAFAF47A844}.Debug|Any CPU.Build.0 = Debug|Any CPU
		{AE9D6320-355F-46E7-B749-BEAFAF47A844}.Release|Any CPU.ActiveCfg = Release|Any CPU
		{AE9D6320-355F-46E7-B749-BEAFAF47A844}.Release|Any CPU.Build.0 = Release|Any CPU
		{8E49872A-8FAB-46F0-90C1-5632C8BE1060}.Debug|Any CPU.ActiveCfg = Debug|Any CPU
		{8E49872A-8FAB-46F0-90C1-5632C8BE1060}.Debug|Any CPU.Build.0 = Debug|Any CPU
		{8E49872A-8FAB-46F0-90C1-5632C8BE1060}.Release|Any CPU.ActiveCfg = Release|Any CPU
		{8E49872A-8FAB-46F0-90C1-5632C8BE1060}.Release|Any CPU.Build.0 = Release|Any CPU
		{E051D515-7CA3-4D3E-8F20-B38BE07C33CD}.Debug|Any CPU.ActiveCfg = Debug|Any CPU
		{E051D515-7CA3-4D3E-8F20-B38BE07C33CD}.Debug|Any CPU.Build.0 = Debug|Any CPU
		{E051D515-7CA3-4D3E-8F20-B38BE07C33CD}.Release|Any CPU.ActiveCfg = Release|Any CPU
		{E051D515-7CA3-4D3E-8F20-B38BE07C33CD}.Release|Any CPU.Build.0 = Release|Any CPU
		{D4486A66-6D3F-498C-8894-3DADEC72007B}.Debug|Any CPU.ActiveCfg = Debug|Any CPU
		{D4486A66-6D3F-498C-8894-3DADEC72007B}.Debug|Any CPU.Build.0 = Debug|Any CPU
		{D4486A66-6D3F-498C-8894-3DADEC72007B}.Release|Any CPU.ActiveCfg = Release|Any CPU
		{D4486A66-6D3F-498C-8894-3DADEC72007B}.Release|Any CPU.Build.0 = Release|Any CPU
		{9A601A87-04E9-4E4C-BB90-6DB66111F00D}.Debug|Any CPU.ActiveCfg = Debug|Any CPU
		{9A601A87-04E9-4E4C-BB90-6DB66111F00D}.Debug|Any CPU.Build.0 = Debug|Any CPU
		{9A601A87-04E9-4E4C-BB90-6DB66111F00D}.Release|Any CPU.ActiveCfg = Release|Any CPU
		{9A601A87-04E9-4E4C-BB90-6DB66111F00D}.Release|Any CPU.Build.0 = Release|Any CPU
		{410A7018-52C7-46CB-B327-95C58D124ECE}.Debug|Any CPU.ActiveCfg = Debug|Any CPU
		{410A7018-52C7-46CB-B327-95C58D124ECE}.Debug|Any CPU.Build.0 = Debug|Any CPU
		{410A7018-52C7-46CB-B327-95C58D124ECE}.Release|Any CPU.ActiveCfg = Release|Any CPU
		{410A7018-52C7-46CB-B327-95C58D124ECE}.Release|Any CPU.Build.0 = Release|Any CPU
	EndGlobalSection
EndGlobal
